
Microsoft Visual Studio Solution File, Format Version 12.00
# Visual Studio Version 17
VisualStudioVersion = 17.11.35312.102
MinimumVisualStudioVersion = 10.0.40219.1
Project("{8BC9CEB8-8B4A-11D0-8D11-00A0C91BC942}") = "DNA", "DNA\DNA.vcxproj", "{55856931-64C3-4B93-B2D6-28B153D5080F}"
EndProject
Project("{2150E333-8FDC-42A3-9474-1A3956D46DE8}") = "DNA_Task", "DNA_Task", "{B54E4854-25F3-4B5B-9EFD-7590DF7A0FD4}"
EndProject
Project("{2150E333-8FDC-42A3-9474-1A3956D46DE8}") = "Password_Task", "Password_Task", "{D8F12F4C-3FCC-420A-A23F-7F8AA0DBD32B}"
EndProject
Project("{8BC9CEB8-8B4A-11D0-8D11-00A0C91BC942}") = "Password", "Password\Password.vcxproj", "{0EB6CE15-698B-4C23-9B5E-0D6C7CAEEC11}"
EndProject
Project("{2150E333-8FDC-42A3-9474-1A3956D46DE8}") = "Staples_Task", "Staples_Task", "{DCE7D524-DDDD-40F7-903C-93DE0C47086F}"
EndProject
Project("{8BC9CEB8-8B4A-11D0-8D11-00A0C91BC942}") = "Staples", "Staples\Staples.vcxproj", "{6B0A73B0-8079-49CD-A779-AA156BDA2D10}"
EndProject
Project("{2150E333-8FDC-42A3-9474-1A3956D46DE8}") = "Contest_home1", "Contest_home1", "{36D591C7-65C7-A0D1-1CBC-10CDE441BDC8}"
EndProject
Project("{2150E333-8FDC-42A3-9474-1A3956D46DE8}") = "1_A+B", "1_A+B", "{8D90DD48-F79C-4C56-939F-A5D46F078860}"
EndProject
Project("{8BC9CEB8-8B4A-11D0-8D11-00A0C91BC942}") = "a+b", "a+b\a+b.vcxproj", "{006B01CD-631A-4AD0-A332-09010DBD1FD3}"
EndProject
Project("{2150E333-8FDC-42A3-9474-1A3956D46DE8}") = "2_Ania", "2_Ania", "{652B1E0D-A5DD-46E1-835F-1A6B63188EEF}"
EndProject
Project("{8BC9CEB8-8B4A-11D0-8D11-00A0C91BC942}") = "ania", "ania\ania.vcxproj", "{6122571B-FD97-4D31-A503-1DB1BFBEF212}"
EndProject
Project("{2150E333-8FDC-42A3-9474-1A3956D46DE8}") = "3_Money", "3_Money", "{D32A4A87-CC90-46BE-B611-41475B70C2EC}"
EndProject
Project("{8BC9CEB8-8B4A-11D0-8D11-00A0C91BC942}") = "money", "money\money.vcxproj", "{838107E0-8C17-4EFE-8FE3-ECC73ABBCBCA}"
EndProject
Project("{2150E333-8FDC-42A3-9474-1A3956D46DE8}") = "4_Arithmetic_progression", "4_Arithmetic_progression", "{1517A83E-6E8C-4CF3-8891-6C7009ED8CAC}"
EndProject
Project("{8BC9CEB8-8B4A-11D0-8D11-00A0C91BC942}") = "arithmetic_progression", "arithmetic_progression\arithmetic_progression.vcxproj", "{B6E2362B-4584-4A65-8846-56C52D091A83}"
EndProject
Project("{2150E333-8FDC-42A3-9474-1A3956D46DE8}") = "5_Programming_contest", "5_Programming_contest", "{1D019838-DDD7-4A4B-87CA-31DCD96845F9}"
EndProject
Project("{8BC9CEB8-8B4A-11D0-8D11-00A0C91BC942}") = "programming_contest", "programming_contest\programming_contest.vcxproj", "{AE838DCC-5C5B-475B-8709-7E2608CB0C27}"
EndProject
Project("{2150E333-8FDC-42A3-9474-1A3956D46DE8}") = "6_Bulls _and_cows", "6_Bulls _and_cows", "{73C82905-31A4-43E6-A546-3810F3AAB3AC}"
EndProject
Project("{8BC9CEB8-8B4A-11D0-8D11-00A0C91BC942}") = "bulls_and_cows", "bulls_and_cows\bulls_and_cows.vcxproj", "{ECFCA1A0-23E1-4D2F-8CD1-8677B3E21191}"
EndProject
Project("{2150E333-8FDC-42A3-9474-1A3956D46DE8}") = "7_Cute_pattern", "7_Cute_pattern", "{1F3373DA-AB32-4530-A9D3-194D413527D6}"
EndProject
Project("{8BC9CEB8-8B4A-11D0-8D11-00A0C91BC942}") = "сute_pattern", "сute_pattern\сute_pattern.vcxproj", "{7A7E2E2B-353D-4AF2-8264-782FE5880767}"
EndProject
Project("{2150E333-8FDC-42A3-9474-1A3956D46DE8}") = "8_Bonfire", "8_Bonfire", "{DAB35D1A-F671-4681-9A1B-44320CC9859C}"
EndProject
Project("{8BC9CEB8-8B4A-11D0-8D11-00A0C91BC942}") = "bonfire", "bonfire\bonfire.vcxproj", "{595376FA-A6A3-473F-9767-092E3BEEBDCE}"
EndProject
Project("{2150E333-8FDC-42A3-9474-1A3956D46DE8}") = "Intensiv 10.03.25", "Intensiv 10.03.25", "{94C63609-F16E-4B9D-83A0-C3DCC7F8C1B6}"
EndProject
Project("{2150E333-8FDC-42A3-9474-1A3956D46DE8}") = "working", "working", "{9AC8C69B-C5D3-4D16-8EAA-BE389FDE57EB}"
EndProject
Project("{2150E333-8FDC-42A3-9474-1A3956D46DE8}") = "Day2", "Day2", "{CE365932-554F-4B4F-88F0-D344FCDA8FAB}"
EndProject
Project("{8BC9CEB8-8B4A-11D0-8D11-00A0C91BC942}") = "day2", "day2Check\day2Check.vcxproj", "{4AD85CFF-0F09-44DA-871F-703552B48422}"
EndProject
Project("{2150E333-8FDC-42A3-9474-1A3956D46DE8}") = "MainTasks", "MainTasks", "{6CC6CD27-5201-4061-9095-A2127C5BC7E9}"
EndProject
Project("{2150E333-8FDC-42A3-9474-1A3956D46DE8}") = "Contest_home2", "Contest_home2", "{BB749D11-D705-4CAD-94A4-F12369139ABF}"
EndProject
Project("{8BC9CEB8-8B4A-11D0-8D11-00A0C91BC942}") = "1_Interval", "1_Interval\1_Interval.vcxproj", "{0985177A-3D5C-416D-B238-9176D0A4C587}"
EndProject
Global
	GlobalSection(SolutionConfigurationPlatforms) = preSolution
		Debug|x64 = Debug|x64
		Debug|x86 = Debug|x86
		Release|x64 = Release|x64
		Release|x86 = Release|x86
	EndGlobalSection
	GlobalSection(ProjectConfigurationPlatforms) = postSolution
		{55856931-64C3-4B93-B2D6-28B153D5080F}.Debug|x64.ActiveCfg = Debug|x64
		{55856931-64C3-4B93-B2D6-28B153D5080F}.Debug|x64.Build.0 = Debug|x64
		{55856931-64C3-4B93-B2D6-28B153D5080F}.Debug|x86.ActiveCfg = Debug|Win32
		{55856931-64C3-4B93-B2D6-28B153D5080F}.Debug|x86.Build.0 = Debug|Win32
		{55856931-64C3-4B93-B2D6-28B153D5080F}.Release|x64.ActiveCfg = Release|x64
		{55856931-64C3-4B93-B2D6-28B153D5080F}.Release|x64.Build.0 = Release|x64
		{55856931-64C3-4B93-B2D6-28B153D5080F}.Release|x86.ActiveCfg = Release|Win32
		{55856931-64C3-4B93-B2D6-28B153D5080F}.Release|x86.Build.0 = Release|Win32
		{0EB6CE15-698B-4C23-9B5E-0D6C7CAEEC11}.Debug|x64.ActiveCfg = Debug|x64
		{0EB6CE15-698B-4C23-9B5E-0D6C7CAEEC11}.Debug|x64.Build.0 = Debug|x64
		{0EB6CE15-698B-4C23-9B5E-0D6C7CAEEC11}.Debug|x86.ActiveCfg = Debug|Win32
		{0EB6CE15-698B-4C23-9B5E-0D6C7CAEEC11}.Debug|x86.Build.0 = Debug|Win32
		{0EB6CE15-698B-4C23-9B5E-0D6C7CAEEC11}.Release|x64.ActiveCfg = Release|x64
		{0EB6CE15-698B-4C23-9B5E-0D6C7CAEEC11}.Release|x64.Build.0 = Release|x64
		{0EB6CE15-698B-4C23-9B5E-0D6C7CAEEC11}.Release|x86.ActiveCfg = Release|Win32
		{0EB6CE15-698B-4C23-9B5E-0D6C7CAEEC11}.Release|x86.Build.0 = Release|Win32
		{6B0A73B0-8079-49CD-A779-AA156BDA2D10}.Debug|x64.ActiveCfg = Debug|x64
		{6B0A73B0-8079-49CD-A779-AA156BDA2D10}.Debug|x64.Build.0 = Debug|x64
		{6B0A73B0-8079-49CD-A779-AA156BDA2D10}.Debug|x86.ActiveCfg = Debug|Win32
		{6B0A73B0-8079-49CD-A779-AA156BDA2D10}.Debug|x86.Build.0 = Debug|Win32
		{6B0A73B0-8079-49CD-A779-AA156BDA2D10}.Release|x64.ActiveCfg = Release|x64
		{6B0A73B0-8079-49CD-A779-AA156BDA2D10}.Release|x64.Build.0 = Release|x64
		{6B0A73B0-8079-49CD-A779-AA156BDA2D10}.Release|x86.ActiveCfg = Release|Win32
		{6B0A73B0-8079-49CD-A779-AA156BDA2D10}.Release|x86.Build.0 = Release|Win32
		{006B01CD-631A-4AD0-A332-09010DBD1FD3}.Debug|x64.ActiveCfg = Debug|x64
		{006B01CD-631A-4AD0-A332-09010DBD1FD3}.Debug|x64.Build.0 = Debug|x64
		{006B01CD-631A-4AD0-A332-09010DBD1FD3}.Debug|x86.ActiveCfg = Debug|Win32
		{006B01CD-631A-4AD0-A332-09010DBD1FD3}.Debug|x86.Build.0 = Debug|Win32
		{006B01CD-631A-4AD0-A332-09010DBD1FD3}.Release|x64.ActiveCfg = Release|x64
		{006B01CD-631A-4AD0-A332-09010DBD1FD3}.Release|x64.Build.0 = Release|x64
		{006B01CD-631A-4AD0-A332-09010DBD1FD3}.Release|x86.ActiveCfg = Release|Win32
		{006B01CD-631A-4AD0-A332-09010DBD1FD3}.Release|x86.Build.0 = Release|Win32
		{6122571B-FD97-4D31-A503-1DB1BFBEF212}.Debug|x64.ActiveCfg = Debug|x64
		{6122571B-FD97-4D31-A503-1DB1BFBEF212}.Debug|x64.Build.0 = Debug|x64
		{6122571B-FD97-4D31-A503-1DB1BFBEF212}.Debug|x86.ActiveCfg = Debug|Win32
		{6122571B-FD97-4D31-A503-1DB1BFBEF212}.Debug|x86.Build.0 = Debug|Win32
		{6122571B-FD97-4D31-A503-1DB1BFBEF212}.Release|x64.ActiveCfg = Release|x64
		{6122571B-FD97-4D31-A503-1DB1BFBEF212}.Release|x64.Build.0 = Release|x64
		{6122571B-FD97-4D31-A503-1DB1BFBEF212}.Release|x86.ActiveCfg = Release|Win32
		{6122571B-FD97-4D31-A503-1DB1BFBEF212}.Release|x86.Build.0 = Release|Win32
		{838107E0-8C17-4EFE-8FE3-ECC73ABBCBCA}.Debug|x64.ActiveCfg = Debug|x64
		{838107E0-8C17-4EFE-8FE3-ECC73ABBCBCA}.Debug|x64.Build.0 = Debug|x64
		{838107E0-8C17-4EFE-8FE3-ECC73ABBCBCA}.Debug|x86.ActiveCfg = Debug|Win32
		{838107E0-8C17-4EFE-8FE3-ECC73ABBCBCA}.Debug|x86.Build.0 = Debug|Win32
		{838107E0-8C17-4EFE-8FE3-ECC73ABBCBCA}.Release|x64.ActiveCfg = Release|x64
		{838107E0-8C17-4EFE-8FE3-ECC73ABBCBCA}.Release|x64.Build.0 = Release|x64
		{838107E0-8C17-4EFE-8FE3-ECC73ABBCBCA}.Release|x86.ActiveCfg = Release|Win32
		{838107E0-8C17-4EFE-8FE3-ECC73ABBCBCA}.Release|x86.Build.0 = Release|Win32
		{B6E2362B-4584-4A65-8846-56C52D091A83}.Debug|x64.ActiveCfg = Debug|x64
		{B6E2362B-4584-4A65-8846-56C52D091A83}.Debug|x64.Build.0 = Debug|x64
		{B6E2362B-4584-4A65-8846-56C52D091A83}.Debug|x86.ActiveCfg = Debug|Win32
		{B6E2362B-4584-4A65-8846-56C52D091A83}.Debug|x86.Build.0 = Debug|Win32
		{B6E2362B-4584-4A65-8846-56C52D091A83}.Release|x64.ActiveCfg = Release|x64
		{B6E2362B-4584-4A65-8846-56C52D091A83}.Release|x64.Build.0 = Release|x64
		{B6E2362B-4584-4A65-8846-56C52D091A83}.Release|x86.ActiveCfg = Release|Win32
		{B6E2362B-4584-4A65-8846-56C52D091A83}.Release|x86.Build.0 = Release|Win32
		{AE838DCC-5C5B-475B-8709-7E2608CB0C27}.Debug|x64.ActiveCfg = Debug|x64
		{AE838DCC-5C5B-475B-8709-7E2608CB0C27}.Debug|x64.Build.0 = Debug|x64
		{AE838DCC-5C5B-475B-8709-7E2608CB0C27}.Debug|x86.ActiveCfg = Debug|Win32
		{AE838DCC-5C5B-475B-8709-7E2608CB0C27}.Debug|x86.Build.0 = Debug|Win32
		{AE838DCC-5C5B-475B-8709-7E2608CB0C27}.Release|x64.ActiveCfg = Release|x64
		{AE838DCC-5C5B-475B-8709-7E2608CB0C27}.Release|x64.Build.0 = Release|x64
		{AE838DCC-5C5B-475B-8709-7E2608CB0C27}.Release|x86.ActiveCfg = Release|Win32
		{AE838DCC-5C5B-475B-8709-7E2608CB0C27}.Release|x86.Build.0 = Release|Win32
		{ECFCA1A0-23E1-4D2F-8CD1-8677B3E21191}.Debug|x64.ActiveCfg = Debug|x64
		{ECFCA1A0-23E1-4D2F-8CD1-8677B3E21191}.Debug|x64.Build.0 = Debug|x64
		{ECFCA1A0-23E1-4D2F-8CD1-8677B3E21191}.Debug|x86.ActiveCfg = Debug|Win32
		{ECFCA1A0-23E1-4D2F-8CD1-8677B3E21191}.Debug|x86.Build.0 = Debug|Win32
		{ECFCA1A0-23E1-4D2F-8CD1-8677B3E21191}.Release|x64.ActiveCfg = Release|x64
		{ECFCA1A0-23E1-4D2F-8CD1-8677B3E21191}.Release|x64.Build.0 = Release|x64
		{ECFCA1A0-23E1-4D2F-8CD1-8677B3E21191}.Release|x86.ActiveCfg = Release|Win32
		{ECFCA1A0-23E1-4D2F-8CD1-8677B3E21191}.Release|x86.Build.0 = Release|Win32
		{7A7E2E2B-353D-4AF2-8264-782FE5880767}.Debug|x64.ActiveCfg = Debug|x64
		{7A7E2E2B-353D-4AF2-8264-782FE5880767}.Debug|x64.Build.0 = Debug|x64
		{7A7E2E2B-353D-4AF2-8264-782FE5880767}.Debug|x86.ActiveCfg = Debug|Win32
		{7A7E2E2B-353D-4AF2-8264-782FE5880767}.Debug|x86.Build.0 = Debug|Win32
		{7A7E2E2B-353D-4AF2-8264-782FE5880767}.Release|x64.ActiveCfg = Release|x64
		{7A7E2E2B-353D-4AF2-8264-782FE5880767}.Release|x64.Build.0 = Release|x64
		{7A7E2E2B-353D-4AF2-8264-782FE5880767}.Release|x86.ActiveCfg = Release|Win32
		{7A7E2E2B-353D-4AF2-8264-782FE5880767}.Release|x86.Build.0 = Release|Win32
		{595376FA-A6A3-473F-9767-092E3BEEBDCE}.Debug|x64.ActiveCfg = Debug|x64
		{595376FA-A6A3-473F-9767-092E3BEEBDCE}.Debug|x64.Build.0 = Debug|x64
		{595376FA-A6A3-473F-9767-092E3BEEBDCE}.Debug|x86.ActiveCfg = Debug|Win32
		{595376FA-A6A3-473F-9767-092E3BEEBDCE}.Debug|x86.Build.0 = Debug|Win32
		{595376FA-A6A3-473F-9767-092E3BEEBDCE}.Release|x64.ActiveCfg = Release|x64
		{595376FA-A6A3-473F-9767-092E3BEEBDCE}.Release|x64.Build.0 = Release|x64
		{595376FA-A6A3-473F-9767-092E3BEEBDCE}.Release|x86.ActiveCfg = Release|Win32
		{595376FA-A6A3-473F-9767-092E3BEEBDCE}.Release|x86.Build.0 = Release|Win32
		{4AD85CFF-0F09-44DA-871F-703552B48422}.Debug|x64.ActiveCfg = Debug|x64
		{4AD85CFF-0F09-44DA-871F-703552B48422}.Debug|x64.Build.0 = Debug|x64
		{4AD85CFF-0F09-44DA-871F-703552B48422}.Debug|x86.ActiveCfg = Debug|Win32
		{4AD85CFF-0F09-44DA-871F-703552B48422}.Debug|x86.Build.0 = Debug|Win32
		{4AD85CFF-0F09-44DA-871F-703552B48422}.Release|x64.ActiveCfg = Release|x64
		{4AD85CFF-0F09-44DA-871F-703552B48422}.Release|x64.Build.0 = Release|x64
		{4AD85CFF-0F09-44DA-871F-703552B48422}.Release|x86.ActiveCfg = Release|Win32
		{4AD85CFF-0F09-44DA-871F-703552B48422}.Release|x86.Build.0 = Release|Win32
		{0985177A-3D5C-416D-B238-9176D0A4C587}.Debug|x64.ActiveCfg = Debug|x64
		{0985177A-3D5C-416D-B238-9176D0A4C587}.Debug|x64.Build.0 = Debug|x64
		{0985177A-3D5C-416D-B238-9176D0A4C587}.Debug|x86.ActiveCfg = Debug|Win32
		{0985177A-3D5C-416D-B238-9176D0A4C587}.Debug|x86.Build.0 = Debug|Win32
		{0985177A-3D5C-416D-B238-9176D0A4C587}.Release|x64.ActiveCfg = Release|x64
		{0985177A-3D5C-416D-B238-9176D0A4C587}.Release|x64.Build.0 = Release|x64
		{0985177A-3D5C-416D-B238-9176D0A4C587}.Release|x86.ActiveCfg = Release|Win32
		{0985177A-3D5C-416D-B238-9176D0A4C587}.Release|x86.Build.0 = Release|Win32
	EndGlobalSection
	GlobalSection(SolutionProperties) = preSolution
		HideSolutionNode = FALSE
	EndGlobalSection
	GlobalSection(NestedProjects) = preSolution
		{55856931-64C3-4B93-B2D6-28B153D5080F} = {B54E4854-25F3-4B5B-9EFD-7590DF7A0FD4}
		{B54E4854-25F3-4B5B-9EFD-7590DF7A0FD4} = {6CC6CD27-5201-4061-9095-A2127C5BC7E9}
		{D8F12F4C-3FCC-420A-A23F-7F8AA0DBD32B} = {6CC6CD27-5201-4061-9095-A2127C5BC7E9}
		{0EB6CE15-698B-4C23-9B5E-0D6C7CAEEC11} = {D8F12F4C-3FCC-420A-A23F-7F8AA0DBD32B}
		{DCE7D524-DDDD-40F7-903C-93DE0C47086F} = {6CC6CD27-5201-4061-9095-A2127C5BC7E9}
		{6B0A73B0-8079-49CD-A779-AA156BDA2D10} = {DCE7D524-DDDD-40F7-903C-93DE0C47086F}
		{36D591C7-65C7-A0D1-1CBC-10CDE441BDC8} = {94C63609-F16E-4B9D-83A0-C3DCC7F8C1B6}
		{8D90DD48-F79C-4C56-939F-A5D46F078860} = {36D591C7-65C7-A0D1-1CBC-10CDE441BDC8}
		{006B01CD-631A-4AD0-A332-09010DBD1FD3} = {8D90DD48-F79C-4C56-939F-A5D46F078860}
		{652B1E0D-A5DD-46E1-835F-1A6B63188EEF} = {36D591C7-65C7-A0D1-1CBC-10CDE441BDC8}
		{6122571B-FD97-4D31-A503-1DB1BFBEF212} = {652B1E0D-A5DD-46E1-835F-1A6B63188EEF}
		{D32A4A87-CC90-46BE-B611-41475B70C2EC} = {36D591C7-65C7-A0D1-1CBC-10CDE441BDC8}
		{838107E0-8C17-4EFE-8FE3-ECC73ABBCBCA} = {D32A4A87-CC90-46BE-B611-41475B70C2EC}
		{1517A83E-6E8C-4CF3-8891-6C7009ED8CAC} = {36D591C7-65C7-A0D1-1CBC-10CDE441BDC8}
		{B6E2362B-4584-4A65-8846-56C52D091A83} = {1517A83E-6E8C-4CF3-8891-6C7009ED8CAC}
		{1D019838-DDD7-4A4B-87CA-31DCD96845F9} = {36D591C7-65C7-A0D1-1CBC-10CDE441BDC8}
		{AE838DCC-5C5B-475B-8709-7E2608CB0C27} = {1D019838-DDD7-4A4B-87CA-31DCD96845F9}
		{73C82905-31A4-43E6-A546-3810F3AAB3AC} = {36D591C7-65C7-A0D1-1CBC-10CDE441BDC8}
		{ECFCA1A0-23E1-4D2F-8CD1-8677B3E21191} = {73C82905-31A4-43E6-A546-3810F3AAB3AC}
		{1F3373DA-AB32-4530-A9D3-194D413527D6} = {36D591C7-65C7-A0D1-1CBC-10CDE441BDC8}
		{7A7E2E2B-353D-4AF2-8264-782FE5880767} = {1F3373DA-AB32-4530-A9D3-194D413527D6}
		{DAB35D1A-F671-4681-9A1B-44320CC9859C} = {36D591C7-65C7-A0D1-1CBC-10CDE441BDC8}
		{595376FA-A6A3-473F-9767-092E3BEEBDCE} = {DAB35D1A-F671-4681-9A1B-44320CC9859C}
		{9AC8C69B-C5D3-4D16-8EAA-BE389FDE57EB} = {94C63609-F16E-4B9D-83A0-C3DCC7F8C1B6}
		{CE365932-554F-4B4F-88F0-D344FCDA8FAB} = {9AC8C69B-C5D3-4D16-8EAA-BE389FDE57EB}
		{4AD85CFF-0F09-44DA-871F-703552B48422} = {CE365932-554F-4B4F-88F0-D344FCDA8FAB}
		{BB749D11-D705-4CAD-94A4-F12369139ABF} = {94C63609-F16E-4B9D-83A0-C3DCC7F8C1B6}
		{0985177A-3D5C-416D-B238-9176D0A4C587} = {BB749D11-D705-4CAD-94A4-F12369139ABF}
	EndGlobalSection
	GlobalSection(ExtensibilityGlobals) = postSolution
		SolutionGuid = {FCDDED8B-A378-4C05-9A89-B3DA99352D5C}
	EndGlobalSection
EndGlobal
