
Microsoft Visual Studio Solution File, Format Version 12.00
# Visual Studio Version 17
VisualStudioVersion = 17.11.35312.102
MinimumVisualStudioVersion = 10.0.40219.1
Project("{2150E333-8FDC-42A3-9474-1A3956D46DE8}") = "ATOM 15.03", "ATOM 15.03", "{36D591C7-65C7-A0D1-1CBC-10CDE441BDC8}"
EndProject
Project("{2150E333-8FDC-42A3-9474-1A3956D46DE8}") = "Intensiv 10.03", "Intensiv 10.03", "{94C63609-F16E-4B9D-83A0-C3DCC7F8C1B6}"
EndProject
Project("{2150E333-8FDC-42A3-9474-1A3956D46DE8}") = "working", "working", "{9AC8C69B-C5D3-4D16-8EAA-BE389FDE57EB}"
EndProject
Project("{2150E333-8FDC-42A3-9474-1A3956D46DE8}") = "MainTasks", "MainTasks", "{6CC6CD27-5201-4061-9095-A2127C5BC7E9}"
EndProject
Project("{2150E333-8FDC-42A3-9474-1A3956D46DE8}") = "Contest_home2", "Contest_home2", "{BB749D11-D705-4CAD-94A4-F12369139ABF}"
EndProject
Project("{8BC9CEB8-8B4A-11D0-8D11-00A0C91BC942}") = "1_Interval", "1_Interval\1_Interval.vcxproj", "{0985177A-3D5C-416D-B238-9176D0A4C587}"
EndProject
Project("{8BC9CEB8-8B4A-11D0-8D11-00A0C91BC942}") = "2_Sum_nums_in_array", "2_Sum_nums_in_array\2_Sum_nums_in_array.vcxproj", "{D0163231-57A2-4D08-92A6-2F16090227DC}"
EndProject
Project("{8BC9CEB8-8B4A-11D0-8D11-00A0C91BC942}") = "Day3", "Day3\Day3.vcxproj", "{2FB1B8A3-9473-4FEE-AE79-3033ED55C66B}"
EndProject
Project("{8BC9CEB8-8B4A-11D0-8D11-00A0C91BC942}") = "Day2", "Day2\Day2.vcxproj", "{5CA8DA10-B793-4F8D-939B-F399EAA18FF8}"
EndProject
Project("{8BC9CEB8-8B4A-11D0-8D11-00A0C91BC942}") = "1-three_pronged_number", "Three_pronged_number\Three_pronged_number.vcxproj", "{0B29554C-4FDC-4016-93E8-1978F751ACCF}"
EndProject
Project("{8BC9CEB8-8B4A-11D0-8D11-00A0C91BC942}") = "2_turtle_turns", "2_turtle_turns\2_turtle_turns.vcxproj", "{255EAE37-3295-4967-A83B-49A444351D5A}"
EndProject
Project("{8BC9CEB8-8B4A-11D0-8D11-00A0C91BC942}") = "5_Sergei_gas_station", "5_Sergei_gas_station\5_Sergei_gas_station.vcxproj", "{09FF52DF-F3BF-4FD0-BB56-6F84FEAAF9C7}"
EndProject
Project("{8BC9CEB8-8B4A-11D0-8D11-00A0C91BC942}") = "ContesrEndTask3", "ContesrEndTask3\ContesrEndTask3.vcxproj", "{FFEEB660-ED4A-4A90-9167-1576F5B4B6A6}"
EndProject
Global
	GlobalSection(SolutionConfigurationPlatforms) = preSolution
		Debug|x64 = Debug|x64
		Debug|x86 = Debug|x86
		Release|x64 = Release|x64
		Release|x86 = Release|x86
	EndGlobalSection
	GlobalSection(ProjectConfigurationPlatforms) = postSolution
		{0985177A-3D5C-416D-B238-9176D0A4C587}.Debug|x64.ActiveCfg = Debug|x64
		{0985177A-3D5C-416D-B238-9176D0A4C587}.Debug|x64.Build.0 = Debug|x64
		{0985177A-3D5C-416D-B238-9176D0A4C587}.Debug|x86.ActiveCfg = Debug|Win32
		{0985177A-3D5C-416D-B238-9176D0A4C587}.Debug|x86.Build.0 = Debug|Win32
		{0985177A-3D5C-416D-B238-9176D0A4C587}.Release|x64.ActiveCfg = Release|x64
		{0985177A-3D5C-416D-B238-9176D0A4C587}.Release|x64.Build.0 = Release|x64
		{0985177A-3D5C-416D-B238-9176D0A4C587}.Release|x86.ActiveCfg = Release|Win32
		{0985177A-3D5C-416D-B238-9176D0A4C587}.Release|x86.Build.0 = Release|Win32
		{D0163231-57A2-4D08-92A6-2F16090227DC}.Debug|x64.ActiveCfg = Debug|x64
		{D0163231-57A2-4D08-92A6-2F16090227DC}.Debug|x64.Build.0 = Debug|x64
		{D0163231-57A2-4D08-92A6-2F16090227DC}.Debug|x86.ActiveCfg = Debug|Win32
		{D0163231-57A2-4D08-92A6-2F16090227DC}.Debug|x86.Build.0 = Debug|Win32
		{D0163231-57A2-4D08-92A6-2F16090227DC}.Release|x64.ActiveCfg = Release|x64
		{D0163231-57A2-4D08-92A6-2F16090227DC}.Release|x64.Build.0 = Release|x64
		{D0163231-57A2-4D08-92A6-2F16090227DC}.Release|x86.ActiveCfg = Release|Win32
		{D0163231-57A2-4D08-92A6-2F16090227DC}.Release|x86.Build.0 = Release|Win32
		{2FB1B8A3-9473-4FEE-AE79-3033ED55C66B}.Debug|x64.ActiveCfg = Debug|x64
		{2FB1B8A3-9473-4FEE-AE79-3033ED55C66B}.Debug|x64.Build.0 = Debug|x64
		{2FB1B8A3-9473-4FEE-AE79-3033ED55C66B}.Debug|x86.ActiveCfg = Debug|Win32
		{2FB1B8A3-9473-4FEE-AE79-3033ED55C66B}.Debug|x86.Build.0 = Debug|Win32
		{2FB1B8A3-9473-4FEE-AE79-3033ED55C66B}.Release|x64.ActiveCfg = Release|x64
		{2FB1B8A3-9473-4FEE-AE79-3033ED55C66B}.Release|x64.Build.0 = Release|x64
		{2FB1B8A3-9473-4FEE-AE79-3033ED55C66B}.Release|x86.ActiveCfg = Release|Win32
		{2FB1B8A3-9473-4FEE-AE79-3033ED55C66B}.Release|x86.Build.0 = Release|Win32
		{5CA8DA10-B793-4F8D-939B-F399EAA18FF8}.Debug|x64.ActiveCfg = Debug|x64
		{5CA8DA10-B793-4F8D-939B-F399EAA18FF8}.Debug|x64.Build.0 = Debug|x64
		{5CA8DA10-B793-4F8D-939B-F399EAA18FF8}.Debug|x86.ActiveCfg = Debug|Win32
		{5CA8DA10-B793-4F8D-939B-F399EAA18FF8}.Debug|x86.Build.0 = Debug|Win32
		{5CA8DA10-B793-4F8D-939B-F399EAA18FF8}.Release|x64.ActiveCfg = Release|x64
		{5CA8DA10-B793-4F8D-939B-F399EAA18FF8}.Release|x64.Build.0 = Release|x64
		{5CA8DA10-B793-4F8D-939B-F399EAA18FF8}.Release|x86.ActiveCfg = Release|Win32
		{5CA8DA10-B793-4F8D-939B-F399EAA18FF8}.Release|x86.Build.0 = Release|Win32
		{0B29554C-4FDC-4016-93E8-1978F751ACCF}.Debug|x64.ActiveCfg = Debug|x64
		{0B29554C-4FDC-4016-93E8-1978F751ACCF}.Debug|x64.Build.0 = Debug|x64
		{0B29554C-4FDC-4016-93E8-1978F751ACCF}.Debug|x86.ActiveCfg = Debug|Win32
		{0B29554C-4FDC-4016-93E8-1978F751ACCF}.Debug|x86.Build.0 = Debug|Win32
		{0B29554C-4FDC-4016-93E8-1978F751ACCF}.Release|x64.ActiveCfg = Release|x64
		{0B29554C-4FDC-4016-93E8-1978F751ACCF}.Release|x64.Build.0 = Release|x64
		{0B29554C-4FDC-4016-93E8-1978F751ACCF}.Release|x86.ActiveCfg = Release|Win32
		{0B29554C-4FDC-4016-93E8-1978F751ACCF}.Release|x86.Build.0 = Release|Win32
		{255EAE37-3295-4967-A83B-49A444351D5A}.Debug|x64.ActiveCfg = Debug|x64
		{255EAE37-3295-4967-A83B-49A444351D5A}.Debug|x64.Build.0 = Debug|x64
		{255EAE37-3295-4967-A83B-49A444351D5A}.Debug|x86.ActiveCfg = Debug|Win32
		{255EAE37-3295-4967-A83B-49A444351D5A}.Debug|x86.Build.0 = Debug|Win32
		{255EAE37-3295-4967-A83B-49A444351D5A}.Release|x64.ActiveCfg = Release|x64
		{255EAE37-3295-4967-A83B-49A444351D5A}.Release|x64.Build.0 = Release|x64
		{255EAE37-3295-4967-A83B-49A444351D5A}.Release|x86.ActiveCfg = Release|Win32
		{255EAE37-3295-4967-A83B-49A444351D5A}.Release|x86.Build.0 = Release|Win32
		{09FF52DF-F3BF-4FD0-BB56-6F84FEAAF9C7}.Debug|x64.ActiveCfg = Debug|x64
		{09FF52DF-F3BF-4FD0-BB56-6F84FEAAF9C7}.Debug|x64.Build.0 = Debug|x64
		{09FF52DF-F3BF-4FD0-BB56-6F84FEAAF9C7}.Debug|x86.ActiveCfg = Debug|Win32
		{09FF52DF-F3BF-4FD0-BB56-6F84FEAAF9C7}.Debug|x86.Build.0 = Debug|Win32
		{09FF52DF-F3BF-4FD0-BB56-6F84FEAAF9C7}.Release|x64.ActiveCfg = Release|x64
		{09FF52DF-F3BF-4FD0-BB56-6F84FEAAF9C7}.Release|x64.Build.0 = Release|x64
		{09FF52DF-F3BF-4FD0-BB56-6F84FEAAF9C7}.Release|x86.ActiveCfg = Release|Win32
		{09FF52DF-F3BF-4FD0-BB56-6F84FEAAF9C7}.Release|x86.Build.0 = Release|Win32
		{FFEEB660-ED4A-4A90-9167-1576F5B4B6A6}.Debug|x64.ActiveCfg = Debug|x64
		{FFEEB660-ED4A-4A90-9167-1576F5B4B6A6}.Debug|x64.Build.0 = Debug|x64
		{FFEEB660-ED4A-4A90-9167-1576F5B4B6A6}.Debug|x86.ActiveCfg = Debug|Win32
		{FFEEB660-ED4A-4A90-9167-1576F5B4B6A6}.Debug|x86.Build.0 = Debug|Win32
		{FFEEB660-ED4A-4A90-9167-1576F5B4B6A6}.Release|x64.ActiveCfg = Release|x64
		{FFEEB660-ED4A-4A90-9167-1576F5B4B6A6}.Release|x64.Build.0 = Release|x64
		{FFEEB660-ED4A-4A90-9167-1576F5B4B6A6}.Release|x86.ActiveCfg = Release|Win32
		{FFEEB660-ED4A-4A90-9167-1576F5B4B6A6}.Release|x86.Build.0 = Release|Win32
	EndGlobalSection
	GlobalSection(SolutionProperties) = preSolution
		HideSolutionNode = FALSE
	EndGlobalSection
	GlobalSection(NestedProjects) = preSolution
		{9AC8C69B-C5D3-4D16-8EAA-BE389FDE57EB} = {94C63609-F16E-4B9D-83A0-C3DCC7F8C1B6}
		{BB749D11-D705-4CAD-94A4-F12369139ABF} = {94C63609-F16E-4B9D-83A0-C3DCC7F8C1B6}
		{0985177A-3D5C-416D-B238-9176D0A4C587} = {BB749D11-D705-4CAD-94A4-F12369139ABF}
		{D0163231-57A2-4D08-92A6-2F16090227DC} = {BB749D11-D705-4CAD-94A4-F12369139ABF}
		{2FB1B8A3-9473-4FEE-AE79-3033ED55C66B} = {9AC8C69B-C5D3-4D16-8EAA-BE389FDE57EB}
		{5CA8DA10-B793-4F8D-939B-F399EAA18FF8} = {9AC8C69B-C5D3-4D16-8EAA-BE389FDE57EB}
		{0B29554C-4FDC-4016-93E8-1978F751ACCF} = {36D591C7-65C7-A0D1-1CBC-10CDE441BDC8}
		{255EAE37-3295-4967-A83B-49A444351D5A} = {36D591C7-65C7-A0D1-1CBC-10CDE441BDC8}
		{09FF52DF-F3BF-4FD0-BB56-6F84FEAAF9C7} = {36D591C7-65C7-A0D1-1CBC-10CDE441BDC8}
	EndGlobalSection
	GlobalSection(ExtensibilityGlobals) = postSolution
		SolutionGuid = {FCDDED8B-A378-4C05-9A89-B3DA99352D5C}
	EndGlobalSection
EndGlobal
